{
  "name": "syndicate",
  "version": "1.0.0",
  "lockfileVersion": 3,
  "requires": true,
  "packages": {
    "": {
      "name": "syndicate",
      "version": "1.0.0",
      "license": "ISC",
      "dependencies": {
        "@endo/captp": "^4.4.8",
        "@endo/far": "^1.1.8",
        "@endo/init": "^1.1.6"
      }
    },
    "node_modules/@endo/base64": {
      "version": "1.0.12",
      "resolved": "https://registry.npmjs.org/@endo/base64/-/base64-1.0.12.tgz",
      "integrity": "sha512-opxoUVA4GuibR5S3CVFo8iyrYrXjN0XWJQSr9EKj4A8viQAcRm/7IQtyoF26F9PFgY3r11ihBswBMZUySnfXkg==",
      "license": "Apache-2.0"
    },
    "node_modules/@endo/cache-map": {
      "version": "1.1.0",
      "resolved": "https://registry.npmjs.org/@endo/cache-map/-/cache-map-1.1.0.tgz",
      "integrity": "sha512-owFGshs/97PDw9oguZqU/px8Lv1d0KjAUtDUiPwKHNXRVUE/jyettEbRoTbNJR1OaI8biMn6bHr9kVJsOh6dXw==",
      "license": "Apache-2.0"
    },
    "node_modules/@endo/captp": {
      "version": "4.4.8",
      "resolved": "https://registry.npmjs.org/@endo/captp/-/captp-4.4.8.tgz",
      "integrity": "sha512-UVVKewfMTqBaA8SThty08xSQx/so5QEeNnfJR9Urmx87gkBOLNmvSQgTr/ctAO7aewfzyiWaCU/F6vopd9wyQQ==",
      "license": "Apache-2.0",
      "dependencies": {
        "@endo/errors": "^1.2.13",
        "@endo/eventual-send": "^1.3.4",
        "@endo/marshal": "^1.8.0",
        "@endo/nat": "^5.1.3",
        "@endo/pass-style": "^1.6.3",
        "@endo/promise-kit": "^1.1.13"
      }
    },
    "node_modules/@endo/common": {
      "version": "1.2.13",
      "resolved": "https://registry.npmjs.org/@endo/common/-/common-1.2.13.tgz",
      "integrity": "sha512-DUO8u5U4+7GaOpnQHWR3dNRsWFF4WsllI3kB7bzOzhj6lqBYOBGavTDjI69N/9vJQ5X2DJ0f2OEYtf6jQCjYwg==",
      "license": "Apache-2.0",
      "dependencies": {
        "@endo/errors": "^1.2.13",
        "@endo/eventual-send": "^1.3.4",
        "@endo/promise-kit": "^1.1.13"
      }
    },
    "node_modules/@endo/env-options": {
      "version": "1.1.11",
      "resolved": "https://registry.npmjs.org/@endo/env-options/-/env-options-1.1.11.tgz",
      "integrity": "sha512-p9OnAPsdqoX4YJsE98e3NBVhIr2iW9gNZxHhAI2/Ul5TdRfoOViItzHzTqrgUVopw6XxA1u1uS6CykLMDUxarA==",
      "license": "Apache-2.0"
    },
    "node_modules/@endo/errors": {
      "version": "1.2.13",
      "resolved": "https://registry.npmjs.org/@endo/errors/-/errors-1.2.13.tgz",
      "integrity": "sha512-cRRfsVTWfAnw/B2tT+OgN6oZ8JVZM06QVPyKD6Oo12qJX39oonJfyuf3SKFo7Ii4lh5mt5v+5iHqzsQ4xHjvIQ==",
      "license": "Apache-2.0",
      "dependencies": {
        "ses": "^1.14.0"
      }
    },
    "node_modules/@endo/eventual-send": {
      "version": "1.3.4",
      "resolved": "https://registry.npmjs.org/@endo/eventual-send/-/eventual-send-1.3.4.tgz",
      "integrity": "sha512-Pn3ArDN2ar1rJ6VYmtMJFYtihSJCUymKYWq17kvKqS+PlFvoP69M3UYP2ly5Dz+nOnW14Kvdhkui6/hcwB0n0w==",
      "license": "Apache-2.0",
      "dependencies": {
        "@endo/env-options": "^1.1.11"
      }
    },
    "node_modules/@endo/far": {
      "version": "1.1.14",
      "resolved": "https://registry.npmjs.org/@endo/far/-/far-1.1.14.tgz",
      "integrity": "sha512-OlM+yCNWVqhwSZa6MyjkVB0oQSTAQ15KoiDGL1qowtnTnhuGUbOXuaUAsDf4eAJZ4L+h2KsJOUdyYEuhNsDPLg==",
      "license": "Apache-2.0",
      "dependencies": {
        "@endo/errors": "^1.2.13",
        "@endo/eventual-send": "^1.3.4",
        "@endo/pass-style": "^1.6.3"
      }
    },
    "node_modules/@endo/immutable-arraybuffer": {
      "version": "1.1.2",
      "resolved": "https://registry.npmjs.org/@endo/immutable-arraybuffer/-/immutable-arraybuffer-1.1.2.tgz",
      "integrity": "sha512-u+NaYB2aqEugQ3u7w3c5QNkPogf8q/xGgsPaqdY6pUiGWtYiTiFspKFcha6+oeZhWXWQ23rf0KrUq0kfuzqYyQ==",
      "license": "Apache-2.0"
    },
    "node_modules/@endo/init": {
      "version": "1.1.12",
      "resolved": "https://registry.npmjs.org/@endo/init/-/init-1.1.12.tgz",
      "integrity": "sha512-6Q0IhmL8NPh1ATnLULO03X6hEqFpkO97ms1pmAdyJg0+vrPuTcRHULP9oRVghVY12o/yDGg8tumDk4+CUUv6zw==",
      "license": "Apache-2.0",
      "dependencies": {
        "@endo/base64": "^1.0.12",
        "@endo/eventual-send": "^1.3.4",
        "@endo/lockdown": "^1.0.18",
        "@endo/promise-kit": "^1.1.13"
      }
    },
    "node_modules/@endo/lockdown": {
      "version": "1.0.18",
      "resolved": "https://registry.npmjs.org/@endo/lockdown/-/lockdown-1.0.18.tgz",
      "integrity": "sha512-dv9gpnEM5VdOW1WkY6dwQSqlTuNgkZMHOPNcEGZmpzYcT+0U6VjfSjo0wumxyej+T4K7Y6FwgSPLXwHqGXFANw==",
      "license": "Apache-2.0",
      "dependencies": {
        "ses": "^1.14.0"
      }
    },
    "node_modules/@endo/marshal": {
      "version": "1.8.0",
      "resolved": "https://registry.npmjs.org/@endo/marshal/-/marshal-1.8.0.tgz",
      "integrity": "sha512-TsjZUAYo6BwewNFvv1rzgLkogee3f2Z+xIF5d4TQOBVcgtOR/uvDhx7XmmtFwYDnq90UzPo/f0ffmR47micduA==",
      "license": "Apache-2.0",
      "dependencies": {
        "@endo/common": "^1.2.13",
        "@endo/env-options": "^1.1.11",
        "@endo/errors": "^1.2.13",
        "@endo/eventual-send": "^1.3.4",
        "@endo/nat": "^5.1.3",
        "@endo/pass-style": "^1.6.3",
        "@endo/promise-kit": "^1.1.13"
      }
    },
    "node_modules/@endo/nat": {
      "version": "5.1.3",
      "resolved": "https://registry.npmjs.org/@endo/nat/-/nat-5.1.3.tgz",
      "integrity": "sha512-+uRT6/hrAxEup2SOZYD2GJpnVaQQ6bx4Txxv9n+Whr1yVM8fL15fAY2NUTwpAJpGAPZA0uwreW+Wf4lmePq0Nw==",
      "license": "Apache-2.0"
    },
    "node_modules/@endo/pass-style": {
      "version": "1.6.3",
      "resolved": "https://registry.npmjs.org/@endo/pass-style/-/pass-style-1.6.3.tgz",
      "integrity": "sha512-dVcLC0+ApxoI4T+kaEsbuS/u4ai7zXDw831otd3pYGn7la/eJ9Lu6g2qOduE1vtY2BFOI46N91/dtIBni7R6yg==",
      "license": "Apache-2.0",
      "dependencies": {
        "@endo/common": "^1.2.13",
        "@endo/env-options": "^1.1.11",
        "@endo/errors": "^1.2.13",
        "@endo/eventual-send": "^1.3.4",
        "@endo/promise-kit": "^1.1.13"
      }
    },
    "node_modules/@endo/promise-kit": {
      "version": "1.1.13",
      "resolved": "https://registry.npmjs.org/@endo/promise-kit/-/promise-kit-1.1.13.tgz",
      "integrity": "sha512-2hPhjy8sG+C9gg2XJMSVpQW5PqidAf0SfjciR3eLXzA/2gpqxotSbA/9TvvuHIR4zGKTXfUrk53lQAHYq+96ug==",
      "license": "Apache-2.0",
      "dependencies": {
        "ses": "^1.14.0"
      },
      "engines": {
        "node": ">=11.0"
      }
    },
    "node_modules/ses": {
      "version": "1.14.0",
      "resolved": "https://registry.npmjs.org/ses/-/ses-1.14.0.tgz",
      "integrity": "sha512-T07hNgOfVRTLZGwSS50RnhqrG3foWP+rM+Q5Du4KUQyMLFI3A8YA4RKl0jjZzhihC1ZvDGrWi/JMn4vqbgr/Jg==",
      "license": "Apache-2.0",
      "dependencies": {
        "@endo/cache-map": "^1.1.0",
        "@endo/env-options": "^1.1.11",
        "@endo/immutable-arraybuffer": "^1.1.2"
      }
    }
  }
}
